
Microsoft Visual Studio Solution File, Format Version 12.00
# Visual Studio Version 17
VisualStudioVersion = 17.14.36327.8 d17.14
MinimumVisualStudioVersion = 10.0.40219.1
Project("{8BC9CEB8-8B4A-11D0-8D11-00A0C91BC942}") = "Hello_World", "Hello_World\Hello_World.vcxproj", "{3C1E046E-877D-4EA3-AE86-6DC36BAC1BE3}"
EndProject
Project("{2150E333-8FDC-42A3-9474-1A3956D46DE8}") = "ch02", "ch02", "{C8D5274F-AC00-46C7-1F8D-E88E81087A52}"
EndProject
Project("{2150E333-8FDC-42A3-9474-1A3956D46DE8}") = "ch02_1", "ch02_1", "{7D5A546D-DB68-4CF9-9FCD-04F9AF3777D6}"
EndProject
Project("{8BC9CEB8-8B4A-11D0-8D11-00A0C91BC942}") = "ch02_1_input_output", "ch02\ch02_1\ch02_1_input_output\ch02_1_input_output.vcxproj", "{D93F33B0-4E54-4254-B44F-8ECCD5E4873B}"
EndProject
Project("{8BC9CEB8-8B4A-11D0-8D11-00A0C91BC942}") = "ch02_1_using_namespace", "ch02\ch02_1\ch02_1_using_namespace\ch02_1_using_namespace.vcxproj", "{5F344CAD-6E8E-4A66-AA4F-CE8937EDBA8A}"
EndProject
Project("{2150E333-8FDC-42A3-9474-1A3956D46DE8}") = "솔루션 항목", "솔루션 항목", "{2A3A057F-5D22-31FD-628C-DF5EF75AEF1E}"
	ProjectSection(SolutionItems) = preProject
		README.md = README.md
	EndProjectSection
EndProject
Global
	GlobalSection(SolutionConfigurationPlatforms) = preSolution
		Debug|x64 = Debug|x64
		Debug|x86 = Debug|x86
		Release|x64 = Release|x64
		Release|x86 = Release|x86
	EndGlobalSection
	GlobalSection(ProjectConfigurationPlatforms) = postSolution
		{3C1E046E-877D-4EA3-AE86-6DC36BAC1BE3}.Debug|x64.ActiveCfg = Debug|x64
		{3C1E046E-877D-4EA3-AE86-6DC36BAC1BE3}.Debug|x64.Build.0 = Debug|x64
		{3C1E046E-877D-4EA3-AE86-6DC36BAC1BE3}.Debug|x86.ActiveCfg = Debug|Win32
		{3C1E046E-877D-4EA3-AE86-6DC36BAC1BE3}.Debug|x86.Build.0 = Debug|Win32
		{3C1E046E-877D-4EA3-AE86-6DC36BAC1BE3}.Release|x64.ActiveCfg = Release|x64
		{3C1E046E-877D-4EA3-AE86-6DC36BAC1BE3}.Release|x64.Build.0 = Release|x64
		{3C1E046E-877D-4EA3-AE86-6DC36BAC1BE3}.Release|x86.ActiveCfg = Release|Win32
		{3C1E046E-877D-4EA3-AE86-6DC36BAC1BE3}.Release|x86.Build.0 = Release|Win32
		{D93F33B0-4E54-4254-B44F-8ECCD5E4873B}.Debug|x64.ActiveCfg = Debug|x64
		{D93F33B0-4E54-4254-B44F-8ECCD5E4873B}.Debug|x64.Build.0 = Debug|x64
		{D93F33B0-4E54-4254-B44F-8ECCD5E4873B}.Debug|x86.ActiveCfg = Debug|Win32
		{D93F33B0-4E54-4254-B44F-8ECCD5E4873B}.Debug|x86.Build.0 = Debug|Win32
		{D93F33B0-4E54-4254-B44F-8ECCD5E4873B}.Release|x64.ActiveCfg = Release|x64
		{D93F33B0-4E54-4254-B44F-8ECCD5E4873B}.Release|x64.Build.0 = Release|x64
		{D93F33B0-4E54-4254-B44F-8ECCD5E4873B}.Release|x86.ActiveCfg = Release|Win32
		{D93F33B0-4E54-4254-B44F-8ECCD5E4873B}.Release|x86.Build.0 = Release|Win32
		{5F344CAD-6E8E-4A66-AA4F-CE8937EDBA8A}.Debug|x64.ActiveCfg = Debug|x64
		{5F344CAD-6E8E-4A66-AA4F-CE8937EDBA8A}.Debug|x64.Build.0 = Debug|x64
		{5F344CAD-6E8E-4A66-AA4F-CE8937EDBA8A}.Debug|x86.ActiveCfg = Debug|Win32
		{5F344CAD-6E8E-4A66-AA4F-CE8937EDBA8A}.Debug|x86.Build.0 = Debug|Win32
		{5F344CAD-6E8E-4A66-AA4F-CE8937EDBA8A}.Release|x64.ActiveCfg = Release|x64
		{5F344CAD-6E8E-4A66-AA4F-CE8937EDBA8A}.Release|x64.Build.0 = Release|x64
		{5F344CAD-6E8E-4A66-AA4F-CE8937EDBA8A}.Release|x86.ActiveCfg = Release|Win32
		{5F344CAD-6E8E-4A66-AA4F-CE8937EDBA8A}.Release|x86.Build.0 = Release|Win32
	EndGlobalSection
	GlobalSection(SolutionProperties) = preSolution
		HideSolutionNode = FALSE
	EndGlobalSection
	GlobalSection(NestedProjects) = preSolution
		{7D5A546D-DB68-4CF9-9FCD-04F9AF3777D6} = {C8D5274F-AC00-46C7-1F8D-E88E81087A52}
		{D93F33B0-4E54-4254-B44F-8ECCD5E4873B} = {7D5A546D-DB68-4CF9-9FCD-04F9AF3777D6}
		{5F344CAD-6E8E-4A66-AA4F-CE8937EDBA8A} = {7D5A546D-DB68-4CF9-9FCD-04F9AF3777D6}
	EndGlobalSection
	GlobalSection(ExtensibilityGlobals) = postSolution
		SolutionGuid = {F8D0272F-E573-442D-80B1-AA68FDF1CFFB}
	EndGlobalSection
EndGlobal
