
Microsoft Visual Studio Solution File, Format Version 12.00
# Visual Studio Version 17
VisualStudioVersion = 17.14.36327.8
MinimumVisualStudioVersion = 10.0.40219.1
Project("{8BC9CEB8-8B4A-11D0-8D11-00A0C91BC942}") = "Hello_World", "Hello_World\Hello_World.vcxproj", "{3C1E046E-877D-4EA3-AE86-6DC36BAC1BE3}"
EndProject
Project("{2150E333-8FDC-42A3-9474-1A3956D46DE8}") = "ch02", "ch02", "{C8D5274F-AC00-46C7-1F8D-E88E81087A52}"
EndProject
Project("{2150E333-8FDC-42A3-9474-1A3956D46DE8}") = "ch02_1", "ch02_1", "{7D5A546D-DB68-4CF9-9FCD-04F9AF3777D6}"
EndProject
Project("{8BC9CEB8-8B4A-11D0-8D11-00A0C91BC942}") = "ch02_1_input_output", "ch02\ch02_1\ch02_1_input_output\ch02_1_input_output.vcxproj", "{D93F33B0-4E54-4254-B44F-8ECCD5E4873B}"
EndProject
Project("{8BC9CEB8-8B4A-11D0-8D11-00A0C91BC942}") = "ch02_1_using_namespace", "ch02\ch02_1\ch02_1_using_namespace\ch02_1_using_namespace.vcxproj", "{5F344CAD-6E8E-4A66-AA4F-CE8937EDBA8A}"
EndProject
Project("{2150E333-8FDC-42A3-9474-1A3956D46DE8}") = "솔루션 항목", "솔루션 항목", "{2A3A057F-5D22-31FD-628C-DF5EF75AEF1E}"
	ProjectSection(SolutionItems) = preProject
		README.md = README.md
	EndProjectSection
EndProject
Project("{2150E333-8FDC-42A3-9474-1A3956D46DE8}") = "ch02_2", "ch02_2", "{8A7FFF57-3441-4057-9C38-414710EC779E}"
EndProject
Project("{8BC9CEB8-8B4A-11D0-8D11-00A0C91BC942}") = "ch02_2_bool", "ch02\ch02_2\ch02_2_bool\ch02_2_bool.vcxproj", "{C900E1F9-A1F9-4DF9-9BC2-001B3E45830A}"
EndProject
Project("{8BC9CEB8-8B4A-11D0-8D11-00A0C91BC942}") = "ch02_2_print_ASCII", "ch02\ch02_2\ch02_2_print_ASCII\ch02_2_print_ASCII.vcxproj", "{7495D274-26F0-45FF-AAD5-B8EDB1CA6A22}"
EndProject
Project("{8BC9CEB8-8B4A-11D0-8D11-00A0C91BC942}") = "ch02_2_UNICODE", "ch02\ch02_2\ch02_2_UNICODE\ch02_2_UNICODE.vcxproj", "{8182FE3E-4F9A-46DD-8EA6-D7DBFCEE5203}"
EndProject
Project("{8BC9CEB8-8B4A-11D0-8D11-00A0C91BC942}") = "ch02_2_sizeof_data_types", "ch02\ch02_2\ch02_2_sizeof_data_types\ch02_2_sizeof_data_types.vcxproj", "{D661A367-5D1C-4ECC-BF4D-43B87C00F698}"
EndProject
Project("{8BC9CEB8-8B4A-11D0-8D11-00A0C91BC942}") = "ch02_2_floating_point", "ch02\ch02_2\ch02_2_floating_point\ch02_2_floating_point.vcxproj", "{BB06408E-6F14-4F01-B111-0F4801735395}"
EndProject
Project("{8BC9CEB8-8B4A-11D0-8D11-00A0C91BC942}") = "ch02_2_precision_floating_point", "ch02\ch02_2\ch02_2_precision_floating_point\ch02_2_precision_floating_point.vcxproj", "{FAE99A36-8C08-4E5F-BE7C-C41376DCA88F}"
EndProject
Global
	GlobalSection(SolutionConfigurationPlatforms) = preSolution
		Debug|x64 = Debug|x64
		Debug|x86 = Debug|x86
		Release|x64 = Release|x64
		Release|x86 = Release|x86
	EndGlobalSection
	GlobalSection(ProjectConfigurationPlatforms) = postSolution
		{3C1E046E-877D-4EA3-AE86-6DC36BAC1BE3}.Debug|x64.ActiveCfg = Debug|x64
		{3C1E046E-877D-4EA3-AE86-6DC36BAC1BE3}.Debug|x64.Build.0 = Debug|x64
		{3C1E046E-877D-4EA3-AE86-6DC36BAC1BE3}.Debug|x86.ActiveCfg = Debug|Win32
		{3C1E046E-877D-4EA3-AE86-6DC36BAC1BE3}.Debug|x86.Build.0 = Debug|Win32
		{3C1E046E-877D-4EA3-AE86-6DC36BAC1BE3}.Release|x64.ActiveCfg = Release|x64
		{3C1E046E-877D-4EA3-AE86-6DC36BAC1BE3}.Release|x64.Build.0 = Release|x64
		{3C1E046E-877D-4EA3-AE86-6DC36BAC1BE3}.Release|x86.ActiveCfg = Release|Win32
		{3C1E046E-877D-4EA3-AE86-6DC36BAC1BE3}.Release|x86.Build.0 = Release|Win32
		{D93F33B0-4E54-4254-B44F-8ECCD5E4873B}.Debug|x64.ActiveCfg = Debug|x64
		{D93F33B0-4E54-4254-B44F-8ECCD5E4873B}.Debug|x64.Build.0 = Debug|x64
		{D93F33B0-4E54-4254-B44F-8ECCD5E4873B}.Debug|x86.ActiveCfg = Debug|Win32
		{D93F33B0-4E54-4254-B44F-8ECCD5E4873B}.Debug|x86.Build.0 = Debug|Win32
		{D93F33B0-4E54-4254-B44F-8ECCD5E4873B}.Release|x64.ActiveCfg = Release|x64
		{D93F33B0-4E54-4254-B44F-8ECCD5E4873B}.Release|x64.Build.0 = Release|x64
		{D93F33B0-4E54-4254-B44F-8ECCD5E4873B}.Release|x86.ActiveCfg = Release|Win32
		{D93F33B0-4E54-4254-B44F-8ECCD5E4873B}.Release|x86.Build.0 = Release|Win32
		{5F344CAD-6E8E-4A66-AA4F-CE8937EDBA8A}.Debug|x64.ActiveCfg = Debug|x64
		{5F344CAD-6E8E-4A66-AA4F-CE8937EDBA8A}.Debug|x64.Build.0 = Debug|x64
		{5F344CAD-6E8E-4A66-AA4F-CE8937EDBA8A}.Debug|x86.ActiveCfg = Debug|Win32
		{5F344CAD-6E8E-4A66-AA4F-CE8937EDBA8A}.Debug|x86.Build.0 = Debug|Win32
		{5F344CAD-6E8E-4A66-AA4F-CE8937EDBA8A}.Release|x64.ActiveCfg = Release|x64
		{5F344CAD-6E8E-4A66-AA4F-CE8937EDBA8A}.Release|x64.Build.0 = Release|x64
		{5F344CAD-6E8E-4A66-AA4F-CE8937EDBA8A}.Release|x86.ActiveCfg = Release|Win32
		{5F344CAD-6E8E-4A66-AA4F-CE8937EDBA8A}.Release|x86.Build.0 = Release|Win32
		{C900E1F9-A1F9-4DF9-9BC2-001B3E45830A}.Debug|x64.ActiveCfg = Debug|x64
		{C900E1F9-A1F9-4DF9-9BC2-001B3E45830A}.Debug|x64.Build.0 = Debug|x64
		{C900E1F9-A1F9-4DF9-9BC2-001B3E45830A}.Debug|x86.ActiveCfg = Debug|Win32
		{C900E1F9-A1F9-4DF9-9BC2-001B3E45830A}.Debug|x86.Build.0 = Debug|Win32
		{C900E1F9-A1F9-4DF9-9BC2-001B3E45830A}.Release|x64.ActiveCfg = Release|x64
		{C900E1F9-A1F9-4DF9-9BC2-001B3E45830A}.Release|x64.Build.0 = Release|x64
		{C900E1F9-A1F9-4DF9-9BC2-001B3E45830A}.Release|x86.ActiveCfg = Release|Win32
		{C900E1F9-A1F9-4DF9-9BC2-001B3E45830A}.Release|x86.Build.0 = Release|Win32
		{7495D274-26F0-45FF-AAD5-B8EDB1CA6A22}.Debug|x64.ActiveCfg = Debug|x64
		{7495D274-26F0-45FF-AAD5-B8EDB1CA6A22}.Debug|x64.Build.0 = Debug|x64
		{7495D274-26F0-45FF-AAD5-B8EDB1CA6A22}.Debug|x86.ActiveCfg = Debug|Win32
		{7495D274-26F0-45FF-AAD5-B8EDB1CA6A22}.Debug|x86.Build.0 = Debug|Win32
		{7495D274-26F0-45FF-AAD5-B8EDB1CA6A22}.Release|x64.ActiveCfg = Release|x64
		{7495D274-26F0-45FF-AAD5-B8EDB1CA6A22}.Release|x64.Build.0 = Release|x64
		{7495D274-26F0-45FF-AAD5-B8EDB1CA6A22}.Release|x86.ActiveCfg = Release|Win32
		{7495D274-26F0-45FF-AAD5-B8EDB1CA6A22}.Release|x86.Build.0 = Release|Win32
		{8182FE3E-4F9A-46DD-8EA6-D7DBFCEE5203}.Debug|x64.ActiveCfg = Debug|x64
		{8182FE3E-4F9A-46DD-8EA6-D7DBFCEE5203}.Debug|x64.Build.0 = Debug|x64
		{8182FE3E-4F9A-46DD-8EA6-D7DBFCEE5203}.Debug|x86.ActiveCfg = Debug|Win32
		{8182FE3E-4F9A-46DD-8EA6-D7DBFCEE5203}.Debug|x86.Build.0 = Debug|Win32
		{8182FE3E-4F9A-46DD-8EA6-D7DBFCEE5203}.Release|x64.ActiveCfg = Release|x64
		{8182FE3E-4F9A-46DD-8EA6-D7DBFCEE5203}.Release|x64.Build.0 = Release|x64
		{8182FE3E-4F9A-46DD-8EA6-D7DBFCEE5203}.Release|x86.ActiveCfg = Release|Win32
		{8182FE3E-4F9A-46DD-8EA6-D7DBFCEE5203}.Release|x86.Build.0 = Release|Win32
		{D661A367-5D1C-4ECC-BF4D-43B87C00F698}.Debug|x64.ActiveCfg = Debug|x64
		{D661A367-5D1C-4ECC-BF4D-43B87C00F698}.Debug|x64.Build.0 = Debug|x64
		{D661A367-5D1C-4ECC-BF4D-43B87C00F698}.Debug|x86.ActiveCfg = Debug|Win32
		{D661A367-5D1C-4ECC-BF4D-43B87C00F698}.Debug|x86.Build.0 = Debug|Win32
		{D661A367-5D1C-4ECC-BF4D-43B87C00F698}.Release|x64.ActiveCfg = Release|x64
		{D661A367-5D1C-4ECC-BF4D-43B87C00F698}.Release|x64.Build.0 = Release|x64
		{D661A367-5D1C-4ECC-BF4D-43B87C00F698}.Release|x86.ActiveCfg = Release|Win32
		{D661A367-5D1C-4ECC-BF4D-43B87C00F698}.Release|x86.Build.0 = Release|Win32
		{BB06408E-6F14-4F01-B111-0F4801735395}.Debug|x64.ActiveCfg = Debug|x64
		{BB06408E-6F14-4F01-B111-0F4801735395}.Debug|x64.Build.0 = Debug|x64
		{BB06408E-6F14-4F01-B111-0F4801735395}.Debug|x86.ActiveCfg = Debug|Win32
		{BB06408E-6F14-4F01-B111-0F4801735395}.Debug|x86.Build.0 = Debug|Win32
		{BB06408E-6F14-4F01-B111-0F4801735395}.Release|x64.ActiveCfg = Release|x64
		{BB06408E-6F14-4F01-B111-0F4801735395}.Release|x64.Build.0 = Release|x64
		{BB06408E-6F14-4F01-B111-0F4801735395}.Release|x86.ActiveCfg = Release|Win32
		{BB06408E-6F14-4F01-B111-0F4801735395}.Release|x86.Build.0 = Release|Win32
		{FAE99A36-8C08-4E5F-BE7C-C41376DCA88F}.Debug|x64.ActiveCfg = Debug|x64
		{FAE99A36-8C08-4E5F-BE7C-C41376DCA88F}.Debug|x64.Build.0 = Debug|x64
		{FAE99A36-8C08-4E5F-BE7C-C41376DCA88F}.Debug|x86.ActiveCfg = Debug|Win32
		{FAE99A36-8C08-4E5F-BE7C-C41376DCA88F}.Debug|x86.Build.0 = Debug|Win32
		{FAE99A36-8C08-4E5F-BE7C-C41376DCA88F}.Release|x64.ActiveCfg = Release|x64
		{FAE99A36-8C08-4E5F-BE7C-C41376DCA88F}.Release|x64.Build.0 = Release|x64
		{FAE99A36-8C08-4E5F-BE7C-C41376DCA88F}.Release|x86.ActiveCfg = Release|Win32
		{FAE99A36-8C08-4E5F-BE7C-C41376DCA88F}.Release|x86.Build.0 = Release|Win32
	EndGlobalSection
	GlobalSection(SolutionProperties) = preSolution
		HideSolutionNode = FALSE
	EndGlobalSection
	GlobalSection(NestedProjects) = preSolution
		{7D5A546D-DB68-4CF9-9FCD-04F9AF3777D6} = {C8D5274F-AC00-46C7-1F8D-E88E81087A52}
		{D93F33B0-4E54-4254-B44F-8ECCD5E4873B} = {7D5A546D-DB68-4CF9-9FCD-04F9AF3777D6}
		{5F344CAD-6E8E-4A66-AA4F-CE8937EDBA8A} = {7D5A546D-DB68-4CF9-9FCD-04F9AF3777D6}
		{8A7FFF57-3441-4057-9C38-414710EC779E} = {C8D5274F-AC00-46C7-1F8D-E88E81087A52}
		{C900E1F9-A1F9-4DF9-9BC2-001B3E45830A} = {8A7FFF57-3441-4057-9C38-414710EC779E}
		{7495D274-26F0-45FF-AAD5-B8EDB1CA6A22} = {8A7FFF57-3441-4057-9C38-414710EC779E}
		{8182FE3E-4F9A-46DD-8EA6-D7DBFCEE5203} = {8A7FFF57-3441-4057-9C38-414710EC779E}
		{D661A367-5D1C-4ECC-BF4D-43B87C00F698} = {8A7FFF57-3441-4057-9C38-414710EC779E}
		{BB06408E-6F14-4F01-B111-0F4801735395} = {8A7FFF57-3441-4057-9C38-414710EC779E}
		{FAE99A36-8C08-4E5F-BE7C-C41376DCA88F} = {8A7FFF57-3441-4057-9C38-414710EC779E}
	EndGlobalSection
	GlobalSection(ExtensibilityGlobals) = postSolution
		SolutionGuid = {F8D0272F-E573-442D-80B1-AA68FDF1CFFB}
	EndGlobalSection
EndGlobal
